
Microsoft Visual Studio Solution File, Format Version 12.00
# Visual Studio Version 16
VisualStudioVersion = 16.0.30611.23
MinimumVisualStudioVersion = 10.0.40219.1
Project("{FAE04EC0-301F-11D3-BF4B-00C04F79EFBC}") = "CSharquarium_v2", "CSharquarium_v2\CSharquarium_v2.csproj", "{C7F2B33F-C60C-4F5D-9CE1-EC83E8013EF0}"
EndProject
Global
	GlobalSection(SolutionConfigurationPlatforms) = preSolution
		Debug|Any CPU = Debug|Any CPU
		Release|Any CPU = Release|Any CPU
	EndGlobalSection
	GlobalSection(ProjectConfigurationPlatforms) = postSolution
		{C7F2B33F-C60C-4F5D-9CE1-EC83E8013EF0}.Debug|Any CPU.ActiveCfg = Debug|Any CPU
		{C7F2B33F-C60C-4F5D-9CE1-EC83E8013EF0}.Debug|Any CPU.Build.0 = Debug|Any CPU
		{C7F2B33F-C60C-4F5D-9CE1-EC83E8013EF0}.Release|Any CPU.ActiveCfg = Release|Any CPU
		{C7F2B33F-C60C-4F5D-9CE1-EC83E8013EF0}.Release|Any CPU.Build.0 = Release|Any CPU
	EndGlobalSection
	GlobalSection(SolutionProperties) = preSolution
		HideSolutionNode = FALSE
	EndGlobalSection
	GlobalSection(ExtensibilityGlobals) = postSolution
		SolutionGuid = {81597321-D976-4DB7-B39A-58B108CBB179}
	EndGlobalSection
EndGlobal
